# This file is automatically @generated by Cargo.
# It is not intended for manual editing.
version = 3

[[package]]
name = "littlepath"
version = "0.1.0"
dependencies = [
 "path-absolutize",
]

[[package]]
name = "once_cell"
version = "1.10.0"
source = "registry+https://github.com/rust-lang/crates.io-index"
checksum = "87f3e037eac156d1775da914196f0f37741a274155e34a0b7e427c35d2a2ecb9"

[[package]]
name = "path-absolutize"
version = "3.0.13"
source = "registry+https://github.com/rust-lang/crates.io-index"
checksum = "d3de4b40bd9736640f14c438304c09538159802388febb02c8abaae0846c1f13"
dependencies = [
 "path-dedot",
]

[[package]]
name = "path-dedot"
version = "3.0.17"
source = "registry+https://github.com/rust-lang/crates.io-index"
checksum = "d611d5291372b3738a34ebf0d1f849e58b1dcc1101032f76a346eaa1f8ddbb5b"
dependencies = [
 "once_cell",
]
